
Microsoft Visual Studio Solution File, Format Version 12.00
# Visual Studio Version 16
VisualStudioVersion = 16.0.30907.101
MinimumVisualStudioVersion = 10.0.40219.1
Project("{9A19103F-16F7-4668-BE54-9A1E7A4F7556}") = "TestWeb", "TestWeb\TestWeb.csproj", "{BD268B75-29EC-4F8B-AB81-AEBE603D7B9B}"
EndProject
Project("{9A19103F-16F7-4668-BE54-9A1E7A4F7556}") = "TestAdmin", "TestAdmin\TestAdmin.csproj", "{3BA3DF4C-4F73-49C2-AF04-35CD5D9F8479}"
EndProject
Project("{E53339B2-1760-4266-BCC7-CA923CBCF16C}") = "docker-compose", "docker-compose.dcproj", "{D253FE9C-A7E3-490D-B2D4-06EE848E5992}"
EndProject
Global
	GlobalSection(SolutionConfigurationPlatforms) = preSolution
		Debug|Any CPU = Debug|Any CPU
		Release|Any CPU = Release|Any CPU
	EndGlobalSection
	GlobalSection(ProjectConfigurationPlatforms) = postSolution
		{BD268B75-29EC-4F8B-AB81-AEBE603D7B9B}.Debug|Any CPU.ActiveCfg = Debug|Any CPU
		{BD268B75-29EC-4F8B-AB81-AEBE603D7B9B}.Debug|Any CPU.Build.0 = Debug|Any CPU
		{BD268B75-29EC-4F8B-AB81-AEBE603D7B9B}.Release|Any CPU.ActiveCfg = Release|Any CPU
		{BD268B75-29EC-4F8B-AB81-AEBE603D7B9B}.Release|Any CPU.Build.0 = Release|Any CPU
		{3BA3DF4C-4F73-49C2-AF04-35CD5D9F8479}.Debug|Any CPU.ActiveCfg = Debug|Any CPU
		{3BA3DF4C-4F73-49C2-AF04-35CD5D9F8479}.Debug|Any CPU.Build.0 = Debug|Any CPU
		{3BA3DF4C-4F73-49C2-AF04-35CD5D9F8479}.Release|Any CPU.ActiveCfg = Release|Any CPU
		{3BA3DF4C-4F73-49C2-AF04-35CD5D9F8479}.Release|Any CPU.Build.0 = Release|Any CPU
		{D253FE9C-A7E3-490D-B2D4-06EE848E5992}.Debug|Any CPU.ActiveCfg = Debug|Any CPU
		{D253FE9C-A7E3-490D-B2D4-06EE848E5992}.Debug|Any CPU.Build.0 = Debug|Any CPU
		{D253FE9C-A7E3-490D-B2D4-06EE848E5992}.Release|Any CPU.ActiveCfg = Release|Any CPU
		{D253FE9C-A7E3-490D-B2D4-06EE848E5992}.Release|Any CPU.Build.0 = Release|Any CPU
	EndGlobalSection
	GlobalSection(SolutionProperties) = preSolution
		HideSolutionNode = FALSE
	EndGlobalSection
	GlobalSection(ExtensibilityGlobals) = postSolution
		SolutionGuid = {AE77C710-C5E9-4F7A-9EFC-DB7CBE546218}
	EndGlobalSection
EndGlobal
